
Microsoft Visual Studio Solution File, Format Version 12.00
# Visual Studio Version 17
VisualStudioVersion = 17.1.32210.238
MinimumVisualStudioVersion = 10.0.40219.1
Project("{9A19103F-16F7-4668-BE54-9A1E7A4F7556}") = "CMS.Web", "CMS.Web\CMS.Web.csproj", "{8134BC97-ECA0-498E-8326-9885CA092A9C}"
EndProject
Project("{9A19103F-16F7-4668-BE54-9A1E7A4F7556}") = "VahidNaderiTheme.OrchardCore", "VahidNaderiTheme.OrchardCore\VahidNaderiTheme.OrchardCore.csproj", "{55443542-628C-4693-A67B-D03F1EB304B4}"
EndProject
Global
	GlobalSection(SolutionConfigurationPlatforms) = preSolution
		Debug|Any CPU = Debug|Any CPU
		Release|Any CPU = Release|Any CPU
	EndGlobalSection
	GlobalSection(ProjectConfigurationPlatforms) = postSolution
		{8134BC97-ECA0-498E-8326-9885CA092A9C}.Debug|Any CPU.ActiveCfg = Debug|Any CPU
		{8134BC97-ECA0-498E-8326-9885CA092A9C}.Debug|Any CPU.Build.0 = Debug|Any CPU
		{8134BC97-ECA0-498E-8326-9885CA092A9C}.Release|Any CPU.ActiveCfg = Release|Any CPU
		{8134BC97-ECA0-498E-8326-9885CA092A9C}.Release|Any CPU.Build.0 = Release|Any CPU
		{55443542-628C-4693-A67B-D03F1EB304B4}.Debug|Any CPU.ActiveCfg = Debug|Any CPU
		{55443542-628C-4693-A67B-D03F1EB304B4}.Debug|Any CPU.Build.0 = Debug|Any CPU
		{55443542-628C-4693-A67B-D03F1EB304B4}.Release|Any CPU.ActiveCfg = Release|Any CPU
		{55443542-628C-4693-A67B-D03F1EB304B4}.Release|Any CPU.Build.0 = Release|Any CPU
	EndGlobalSection
	GlobalSection(SolutionProperties) = preSolution
		HideSolutionNode = FALSE
	EndGlobalSection
	GlobalSection(ExtensibilityGlobals) = postSolution
		SolutionGuid = {184E40DF-9B93-4CA7-9B45-9BE3A424C4A5}
	EndGlobalSection
EndGlobal
